
Microsoft Visual Studio Solution File, Format Version 12.00
# Visual Studio Version 16
VisualStudioVersion = 16.0.32929.386
MinimumVisualStudioVersion = 10.0.40219.1
Project("{FAE04EC0-301F-11D3-BF4B-00C04F79EFBC}") = "SalesWebMvc", "SalesWebMvc\SalesWebMvc.csproj", "{8840ABF5-00D6-4CAE-8AE0-F4C01BDCBBA2}"
EndProject
Global
	GlobalSection(SolutionConfigurationPlatforms) = preSolution
		Debug|Any CPU = Debug|Any CPU
		Release|Any CPU = Release|Any CPU
	EndGlobalSection
	GlobalSection(ProjectConfigurationPlatforms) = postSolution
		{8840ABF5-00D6-4CAE-8AE0-F4C01BDCBBA2}.Debug|Any CPU.ActiveCfg = Debug|Any CPU
		{8840ABF5-00D6-4CAE-8AE0-F4C01BDCBBA2}.Debug|Any CPU.Build.0 = Debug|Any CPU
		{8840ABF5-00D6-4CAE-8AE0-F4C01BDCBBA2}.Release|Any CPU.ActiveCfg = Release|Any CPU
		{8840ABF5-00D6-4CAE-8AE0-F4C01BDCBBA2}.Release|Any CPU.Build.0 = Release|Any CPU
	EndGlobalSection
	GlobalSection(SolutionProperties) = preSolution
		HideSolutionNode = FALSE
	EndGlobalSection
	GlobalSection(ExtensibilityGlobals) = postSolution
		SolutionGuid = {61389077-CE40-464E-BB27-6D07687806C4}
	EndGlobalSection
EndGlobal
